
Microsoft Visual Studio Solution File, Format Version 12.00
# Visual Studio Version 17
VisualStudioVersion = 17.6.33815.320
MinimumVisualStudioVersion = 10.0.40219.1
Project("{FAE04EC0-301F-11D3-BF4B-00C04F79EFBC}") = "ChallengeApp", "ChallengeApp\ChallengeApp.csproj", "{325B241F-2ED1-43E8-A682-D2C18AFB1610}"
EndProject
Global
	GlobalSection(SolutionConfigurationPlatforms) = preSolution
		Debug|Any CPU = Debug|Any CPU
		Release|Any CPU = Release|Any CPU
	EndGlobalSection
	GlobalSection(ProjectConfigurationPlatforms) = postSolution
		{325B241F-2ED1-43E8-A682-D2C18AFB1610}.Debug|Any CPU.ActiveCfg = Debug|Any CPU
		{325B241F-2ED1-43E8-A682-D2C18AFB1610}.Debug|Any CPU.Build.0 = Debug|Any CPU
		{325B241F-2ED1-43E8-A682-D2C18AFB1610}.Release|Any CPU.ActiveCfg = Release|Any CPU
		{325B241F-2ED1-43E8-A682-D2C18AFB1610}.Release|Any CPU.Build.0 = Release|Any CPU
	EndGlobalSection
	GlobalSection(SolutionProperties) = preSolution
		HideSolutionNode = FALSE
	EndGlobalSection
	GlobalSection(ExtensibilityGlobals) = postSolution
		SolutionGuid = {282C8024-63B2-4FDE-BD76-C8E01F9A9D46}
	EndGlobalSection
EndGlobal
